
Microsoft Visual Studio Solution File, Format Version 12.00
# Visual Studio Version 17
VisualStudioVersion = 17.6.33815.320
MinimumVisualStudioVersion = 10.0.40219.1
Project("{FAE04EC0-301F-11D3-BF4B-00C04F79EFBC}") = "Entities", "Entities\Entities.csproj", "{92539915-72A3-45D6-9228-9065A85E3B5E}"
EndProject
Project("{FAE04EC0-301F-11D3-BF4B-00C04F79EFBC}") = "Business", "Business\Business.csproj", "{2EC504DC-261F-4502-A6BC-015FA53125BA}"
EndProject
Project("{FAE04EC0-301F-11D3-BF4B-00C04F79EFBC}") = "DataAccess", "DataAccess\DataAccess.csproj", "{DC7AB0B8-4BED-4886-A545-6D715CCE6CE2}"
EndProject
Project("{FAE04EC0-301F-11D3-BF4B-00C04F79EFBC}") = "WebAPI", "WebAPI\WebAPI.csproj", "{E10A9033-68B9-40B6-A6AE-4B277E8672E1}"
EndProject
Project("{9A19103F-16F7-4668-BE54-9A1E7A4F7556}") = "Core", "Core\Core.csproj", "{D00FD6BB-D25C-42D4-8195-ED1276511975}"
EndProject
Global
	GlobalSection(SolutionConfigurationPlatforms) = preSolution
		Debug|Any CPU = Debug|Any CPU
		Release|Any CPU = Release|Any CPU
	EndGlobalSection
	GlobalSection(ProjectConfigurationPlatforms) = postSolution
		{92539915-72A3-45D6-9228-9065A85E3B5E}.Debug|Any CPU.ActiveCfg = Debug|Any CPU
		{92539915-72A3-45D6-9228-9065A85E3B5E}.Debug|Any CPU.Build.0 = Debug|Any CPU
		{92539915-72A3-45D6-9228-9065A85E3B5E}.Release|Any CPU.ActiveCfg = Release|Any CPU
		{92539915-72A3-45D6-9228-9065A85E3B5E}.Release|Any CPU.Build.0 = Release|Any CPU
		{2EC504DC-261F-4502-A6BC-015FA53125BA}.Debug|Any CPU.ActiveCfg = Debug|Any CPU
		{2EC504DC-261F-4502-A6BC-015FA53125BA}.Debug|Any CPU.Build.0 = Debug|Any CPU
		{2EC504DC-261F-4502-A6BC-015FA53125BA}.Release|Any CPU.ActiveCfg = Release|Any CPU
		{2EC504DC-261F-4502-A6BC-015FA53125BA}.Release|Any CPU.Build.0 = Release|Any CPU
		{DC7AB0B8-4BED-4886-A545-6D715CCE6CE2}.Debug|Any CPU.ActiveCfg = Debug|Any CPU
		{DC7AB0B8-4BED-4886-A545-6D715CCE6CE2}.Debug|Any CPU.Build.0 = Debug|Any CPU
		{DC7AB0B8-4BED-4886-A545-6D715CCE6CE2}.Release|Any CPU.ActiveCfg = Release|Any CPU
		{DC7AB0B8-4BED-4886-A545-6D715CCE6CE2}.Release|Any CPU.Build.0 = Release|Any CPU
		{E10A9033-68B9-40B6-A6AE-4B277E8672E1}.Debug|Any CPU.ActiveCfg = Debug|Any CPU
		{E10A9033-68B9-40B6-A6AE-4B277E8672E1}.Debug|Any CPU.Build.0 = Debug|Any CPU
		{E10A9033-68B9-40B6-A6AE-4B277E8672E1}.Release|Any CPU.ActiveCfg = Release|Any CPU
		{E10A9033-68B9-40B6-A6AE-4B277E8672E1}.Release|Any CPU.Build.0 = Release|Any CPU
		{D00FD6BB-D25C-42D4-8195-ED1276511975}.Debug|Any CPU.ActiveCfg = Debug|Any CPU
		{D00FD6BB-D25C-42D4-8195-ED1276511975}.Debug|Any CPU.Build.0 = Debug|Any CPU
		{D00FD6BB-D25C-42D4-8195-ED1276511975}.Release|Any CPU.ActiveCfg = Release|Any CPU
		{D00FD6BB-D25C-42D4-8195-ED1276511975}.Release|Any CPU.Build.0 = Release|Any CPU
	EndGlobalSection
	GlobalSection(SolutionProperties) = preSolution
		HideSolutionNode = FALSE
	EndGlobalSection
	GlobalSection(ExtensibilityGlobals) = postSolution
		SolutionGuid = {4D943ABB-3297-4E9C-B7A8-D5C2EAF33ACC}
	EndGlobalSection
EndGlobal
